
Microsoft Visual Studio Solution File, Format Version 12.00
# Visual Studio Version 16
VisualStudioVersion = 16.0.30309.148
MinimumVisualStudioVersion = 10.0.40219.1
Project("{FAE04EC0-301F-11D3-BF4B-00C04F79EFBC}") = "SalesWebMvc", "SalesWebMvc\SalesWebMvc.csproj", "{9EB740F7-811C-41ED-811E-23B9407FC2A5}"
EndProject
Global
	GlobalSection(SolutionConfigurationPlatforms) = preSolution
		Debug|Any CPU = Debug|Any CPU
		Release|Any CPU = Release|Any CPU
	EndGlobalSection
	GlobalSection(ProjectConfigurationPlatforms) = postSolution
		{9EB740F7-811C-41ED-811E-23B9407FC2A5}.Debug|Any CPU.ActiveCfg = Debug|Any CPU
		{9EB740F7-811C-41ED-811E-23B9407FC2A5}.Debug|Any CPU.Build.0 = Debug|Any CPU
		{9EB740F7-811C-41ED-811E-23B9407FC2A5}.Release|Any CPU.ActiveCfg = Release|Any CPU
		{9EB740F7-811C-41ED-811E-23B9407FC2A5}.Release|Any CPU.Build.0 = Release|Any CPU
	EndGlobalSection
	GlobalSection(SolutionProperties) = preSolution
		HideSolutionNode = FALSE
	EndGlobalSection
	GlobalSection(ExtensibilityGlobals) = postSolution
		SolutionGuid = {AF3A94AD-935E-45C9-89B0-694FC5844317}
	EndGlobalSection
EndGlobal
